# THIS IS AN AUTOGENERATED FILE. DO NOT EDIT THIS FILE DIRECTLY.
# yarn lockfile v1


pyright@^1.1.398:
  version "1.1.398"
  resolved "https://registry.npmjs.org/pyright/-/pyright-1.1.398.tgz"
  integrity sha512-KrqCYCw+p+mtoQ7kOiIKyEvfJxi4rMbJAvjSGjtScMaOHVqHVKYOFlchgiePj9AbjmkR/iNzWOodYJfXLjpHtQ==
  optionalDependencies:
    fsevents "~2.3.3"
